
Microsoft Visual Studio Solution File, Format Version 12.00
# Visual Studio 15
VisualStudioVersion = 15.0.28010.2046
MinimumVisualStudioVersion = 10.0.40219.1
Project("{00D1A9C2-B5F0-4AF3-8072-F6C62B433612}") = "FenceDb", "FenceDb\FenceDb.sqlproj", "{ED607321-6900-44AB-AFAD-7F4061835806}"
EndProject
Project("{FAE04EC0-301F-11D3-BF4B-00C04F79EFBC}") = "Fence.Business", "Fence.Business\Fence.Business.csproj", "{714A054F-171F-4AEA-A746-660630FEC33A}"
EndProject
Project("{FAE04EC0-301F-11D3-BF4B-00C04F79EFBC}") = "Fence.DataAccess", "Fence.DataAccess\Fence.DataAccess.csproj", "{6BB3DC31-DD27-44C7-BCE6-A6775C39B13E}"
EndProject
Project("{FAE04EC0-301F-11D3-BF4B-00C04F79EFBC}") = "Fence.WebApi", "Fence.WebApi\Fence.WebApi.csproj", "{71C70373-CE2F-48EA-9085-73BB85170345}"
EndProject
Project("{FAE04EC0-301F-11D3-BF4B-00C04F79EFBC}") = "Fence.Domain", "Fence.Domain\Fence.Domain.csproj", "{38D250B4-213D-4BF0-8EC3-BB2BE28B45F6}"
EndProject
Global
	GlobalSection(SolutionConfigurationPlatforms) = preSolution
		Debug|Any CPU = Debug|Any CPU
		Release|Any CPU = Release|Any CPU
	EndGlobalSection
	GlobalSection(ProjectConfigurationPlatforms) = postSolution
		{ED607321-6900-44AB-AFAD-7F4061835806}.Debug|Any CPU.ActiveCfg = Debug|Any CPU
		{ED607321-6900-44AB-AFAD-7F4061835806}.Debug|Any CPU.Build.0 = Debug|Any CPU
		{ED607321-6900-44AB-AFAD-7F4061835806}.Debug|Any CPU.Deploy.0 = Debug|Any CPU
		{ED607321-6900-44AB-AFAD-7F4061835806}.Release|Any CPU.ActiveCfg = Release|Any CPU
		{ED607321-6900-44AB-AFAD-7F4061835806}.Release|Any CPU.Build.0 = Release|Any CPU
		{ED607321-6900-44AB-AFAD-7F4061835806}.Release|Any CPU.Deploy.0 = Release|Any CPU
		{714A054F-171F-4AEA-A746-660630FEC33A}.Debug|Any CPU.ActiveCfg = Debug|Any CPU
		{714A054F-171F-4AEA-A746-660630FEC33A}.Debug|Any CPU.Build.0 = Debug|Any CPU
		{714A054F-171F-4AEA-A746-660630FEC33A}.Release|Any CPU.ActiveCfg = Release|Any CPU
		{714A054F-171F-4AEA-A746-660630FEC33A}.Release|Any CPU.Build.0 = Release|Any CPU
		{6BB3DC31-DD27-44C7-BCE6-A6775C39B13E}.Debug|Any CPU.ActiveCfg = Debug|Any CPU
		{6BB3DC31-DD27-44C7-BCE6-A6775C39B13E}.Debug|Any CPU.Build.0 = Debug|Any CPU
		{6BB3DC31-DD27-44C7-BCE6-A6775C39B13E}.Release|Any CPU.ActiveCfg = Release|Any CPU
		{6BB3DC31-DD27-44C7-BCE6-A6775C39B13E}.Release|Any CPU.Build.0 = Release|Any CPU
		{71C70373-CE2F-48EA-9085-73BB85170345}.Debug|Any CPU.ActiveCfg = Debug|Any CPU
		{71C70373-CE2F-48EA-9085-73BB85170345}.Debug|Any CPU.Build.0 = Debug|Any CPU
		{71C70373-CE2F-48EA-9085-73BB85170345}.Release|Any CPU.ActiveCfg = Release|Any CPU
		{71C70373-CE2F-48EA-9085-73BB85170345}.Release|Any CPU.Build.0 = Release|Any CPU
		{38D250B4-213D-4BF0-8EC3-BB2BE28B45F6}.Debug|Any CPU.ActiveCfg = Debug|Any CPU
		{38D250B4-213D-4BF0-8EC3-BB2BE28B45F6}.Debug|Any CPU.Build.0 = Debug|Any CPU
		{38D250B4-213D-4BF0-8EC3-BB2BE28B45F6}.Release|Any CPU.ActiveCfg = Release|Any CPU
		{38D250B4-213D-4BF0-8EC3-BB2BE28B45F6}.Release|Any CPU.Build.0 = Release|Any CPU
	EndGlobalSection
	GlobalSection(SolutionProperties) = preSolution
		HideSolutionNode = FALSE
	EndGlobalSection
	GlobalSection(ExtensibilityGlobals) = postSolution
		SolutionGuid = {507FE38A-7686-4102-AEA4-67FE508DD66F}
	EndGlobalSection
EndGlobal
